
Microsoft Visual Studio Solution File, Format Version 11.00
# Visual Studio 2010
Project("{FAE04EC0-301F-11D3-BF4B-00C04F79EFBC}") = "StockGeneratorTradeAgent", "StockGeneratorTradeAgent\StockGeneratorTradeAgent.csproj", "{4E4CB6B5-9032-4EB4-967B-9B2332888246}"
EndProject
Project("{FAE04EC0-301F-11D3-BF4B-00C04F79EFBC}") = "SGCollectionAgent", "SGCollectionAgent\SGCollectionAgent.csproj", "{68F78E28-907C-47ED-8911-182F0905EF4E}"
EndProject
Project("{2150E333-8FDC-42A3-9474-1A3956D46DE8}") = "References", "References", "{B7CD2E5D-DBB0-4B88-90A1-6569891E2DC4}"
EndProject
Project("{FAE04EC0-301F-11D3-BF4B-00C04F79EFBC}") = "SGDataService", "References\SGDataService\SGDataService.csproj", "{29084B6E-06A8-4FBA-B38F-FC5E1E784A5A}"
EndProject
Project("{FAE04EC0-301F-11D3-BF4B-00C04F79EFBC}") = "SGNativeEntities", "References\SGNativeEntities\SGNativeEntities.csproj", "{F907BA4C-411D-4F54-B7F1-86F98758431D}"
EndProject
Project("{FAE04EC0-301F-11D3-BF4B-00C04F79EFBC}") = "SGUtilities", "References\SGUtilities\SGUtilities.csproj", "{9880A315-191B-4BEA-81D5-528008B692CC}"
EndProject
Project("{FAE04EC0-301F-11D3-BF4B-00C04F79EFBC}") = "DataBase", "..\AyreDevelopmentKit\DataBase\DataBase.csproj", "{F32BE11C-E255-415E-9364-6A9A4355AA36}"
EndProject
Project("{FAE04EC0-301F-11D3-BF4B-00C04F79EFBC}") = "Log", "..\AyreDevelopmentKit\Log\Log.csproj", "{32308A53-2512-4D77-9A61-D5B4DC1394C6}"
EndProject
Project("{FAE04EC0-301F-11D3-BF4B-00C04F79EFBC}") = "Task", "..\AyreDevelopmentKit\Task\Task.csproj", "{0E010BBF-EDA4-4A49-8ABD-6CD6CEFCF0A1}"
EndProject
Project("{FAE04EC0-301F-11D3-BF4B-00C04F79EFBC}") = "AyreSocket", "References\AyreSocket\AyreSocket.csproj", "{212F3F4B-0256-4E60-9D5E-AB6A48094A18}"
EndProject
Project("{FAE04EC0-301F-11D3-BF4B-00C04F79EFBC}") = "websocket-sharp", "References\websocket-sharp\websocket-sharp.csproj", "{B357BAC7-529E-4D81-A0D2-71041B19C8DE}"
EndProject
Project("{FAE04EC0-301F-11D3-BF4B-00C04F79EFBC}") = "XMLConfiguration", "References\XMLConfiguration\XMLConfiguration.csproj", "{99D50610-771C-4640-AE11-DD9378FE2745}"
EndProject
Global
	GlobalSection(SolutionConfigurationPlatforms) = preSolution
		Debug_Ubuntu|Any CPU = Debug_Ubuntu|Any CPU
		Debug_Ubuntu|Mixed Platforms = Debug_Ubuntu|Mixed Platforms
		Debug_Ubuntu|x86 = Debug_Ubuntu|x86
		Debug|Any CPU = Debug|Any CPU
		Debug|Mixed Platforms = Debug|Mixed Platforms
		Debug|x86 = Debug|x86
		Release_Ubuntu|Any CPU = Release_Ubuntu|Any CPU
		Release_Ubuntu|Mixed Platforms = Release_Ubuntu|Mixed Platforms
		Release_Ubuntu|x86 = Release_Ubuntu|x86
		Release|Any CPU = Release|Any CPU
		Release|Mixed Platforms = Release|Mixed Platforms
		Release|x86 = Release|x86
	EndGlobalSection
	GlobalSection(ProjectConfigurationPlatforms) = postSolution
		{4E4CB6B5-9032-4EB4-967B-9B2332888246}.Debug_Ubuntu|Any CPU.ActiveCfg = Debug|x86
		{4E4CB6B5-9032-4EB4-967B-9B2332888246}.Debug_Ubuntu|Mixed Platforms.ActiveCfg = Debug|x86
		{4E4CB6B5-9032-4EB4-967B-9B2332888246}.Debug_Ubuntu|Mixed Platforms.Build.0 = Debug|x86
		{4E4CB6B5-9032-4EB4-967B-9B2332888246}.Debug_Ubuntu|x86.ActiveCfg = Debug|x86
		{4E4CB6B5-9032-4EB4-967B-9B2332888246}.Debug_Ubuntu|x86.Build.0 = Debug|x86
		{4E4CB6B5-9032-4EB4-967B-9B2332888246}.Debug|Any CPU.ActiveCfg = Debug|x86
		{4E4CB6B5-9032-4EB4-967B-9B2332888246}.Debug|Mixed Platforms.ActiveCfg = Debug|x86
		{4E4CB6B5-9032-4EB4-967B-9B2332888246}.Debug|Mixed Platforms.Build.0 = Debug|x86
		{4E4CB6B5-9032-4EB4-967B-9B2332888246}.Debug|x86.ActiveCfg = Debug|x86
		{4E4CB6B5-9032-4EB4-967B-9B2332888246}.Debug|x86.Build.0 = Debug|x86
		{4E4CB6B5-9032-4EB4-967B-9B2332888246}.Release_Ubuntu|Any CPU.ActiveCfg = Release|x86
		{4E4CB6B5-9032-4EB4-967B-9B2332888246}.Release_Ubuntu|Mixed Platforms.ActiveCfg = Release|x86
		{4E4CB6B5-9032-4EB4-967B-9B2332888246}.Release_Ubuntu|Mixed Platforms.Build.0 = Release|x86
		{4E4CB6B5-9032-4EB4-967B-9B2332888246}.Release_Ubuntu|x86.ActiveCfg = Release|x86
		{4E4CB6B5-9032-4EB4-967B-9B2332888246}.Release_Ubuntu|x86.Build.0 = Release|x86
		{4E4CB6B5-9032-4EB4-967B-9B2332888246}.Release|Any CPU.ActiveCfg = Release|x86
		{4E4CB6B5-9032-4EB4-967B-9B2332888246}.Release|Mixed Platforms.ActiveCfg = Release|x86
		{4E4CB6B5-9032-4EB4-967B-9B2332888246}.Release|Mixed Platforms.Build.0 = Release|x86
		{4E4CB6B5-9032-4EB4-967B-9B2332888246}.Release|x86.ActiveCfg = Release|x86
		{4E4CB6B5-9032-4EB4-967B-9B2332888246}.Release|x86.Build.0 = Release|x86
		{68F78E28-907C-47ED-8911-182F0905EF4E}.Debug_Ubuntu|Any CPU.ActiveCfg = Debug|x86
		{68F78E28-907C-47ED-8911-182F0905EF4E}.Debug_Ubuntu|Mixed Platforms.ActiveCfg = Debug|x86
		{68F78E28-907C-47ED-8911-182F0905EF4E}.Debug_Ubuntu|Mixed Platforms.Build.0 = Debug|x86
		{68F78E28-907C-47ED-8911-182F0905EF4E}.Debug_Ubuntu|x86.ActiveCfg = Debug|x86
		{68F78E28-907C-47ED-8911-182F0905EF4E}.Debug_Ubuntu|x86.Build.0 = Debug|x86
		{68F78E28-907C-47ED-8911-182F0905EF4E}.Debug|Any CPU.ActiveCfg = Debug|x86
		{68F78E28-907C-47ED-8911-182F0905EF4E}.Debug|Mixed Platforms.ActiveCfg = Debug|x86
		{68F78E28-907C-47ED-8911-182F0905EF4E}.Debug|Mixed Platforms.Build.0 = Debug|x86
		{68F78E28-907C-47ED-8911-182F0905EF4E}.Debug|x86.ActiveCfg = Debug|x86
		{68F78E28-907C-47ED-8911-182F0905EF4E}.Debug|x86.Build.0 = Debug|x86
		{68F78E28-907C-47ED-8911-182F0905EF4E}.Release_Ubuntu|Any CPU.ActiveCfg = Release|x86
		{68F78E28-907C-47ED-8911-182F0905EF4E}.Release_Ubuntu|Mixed Platforms.ActiveCfg = Release|x86
		{68F78E28-907C-47ED-8911-182F0905EF4E}.Release_Ubuntu|Mixed Platforms.Build.0 = Release|x86
		{68F78E28-907C-47ED-8911-182F0905EF4E}.Release_Ubuntu|x86.ActiveCfg = Release|x86
		{68F78E28-907C-47ED-8911-182F0905EF4E}.Release_Ubuntu|x86.Build.0 = Release|x86
		{68F78E28-907C-47ED-8911-182F0905EF4E}.Release|Any CPU.ActiveCfg = Release|x86
		{68F78E28-907C-47ED-8911-182F0905EF4E}.Release|Mixed Platforms.ActiveCfg = Release|x86
		{68F78E28-907C-47ED-8911-182F0905EF4E}.Release|Mixed Platforms.Build.0 = Release|x86
		{68F78E28-907C-47ED-8911-182F0905EF4E}.Release|x86.ActiveCfg = Release|x86
		{68F78E28-907C-47ED-8911-182F0905EF4E}.Release|x86.Build.0 = Release|x86
		{29084B6E-06A8-4FBA-B38F-FC5E1E784A5A}.Debug_Ubuntu|Any CPU.ActiveCfg = Debug|Any CPU
		{29084B6E-06A8-4FBA-B38F-FC5E1E784A5A}.Debug_Ubuntu|Any CPU.Build.0 = Debug|Any CPU
		{29084B6E-06A8-4FBA-B38F-FC5E1E784A5A}.Debug_Ubuntu|Mixed Platforms.ActiveCfg = Debug|Any CPU
		{29084B6E-06A8-4FBA-B38F-FC5E1E784A5A}.Debug_Ubuntu|Mixed Platforms.Build.0 = Debug|Any CPU
		{29084B6E-06A8-4FBA-B38F-FC5E1E784A5A}.Debug_Ubuntu|x86.ActiveCfg = Debug|Any CPU
		{29084B6E-06A8-4FBA-B38F-FC5E1E784A5A}.Debug|Any CPU.ActiveCfg = Debug|Any CPU
		{29084B6E-06A8-4FBA-B38F-FC5E1E784A5A}.Debug|Any CPU.Build.0 = Debug|Any CPU
		{29084B6E-06A8-4FBA-B38F-FC5E1E784A5A}.Debug|Mixed Platforms.ActiveCfg = Debug|Any CPU
		{29084B6E-06A8-4FBA-B38F-FC5E1E784A5A}.Debug|Mixed Platforms.Build.0 = Debug|Any CPU
		{29084B6E-06A8-4FBA-B38F-FC5E1E784A5A}.Debug|x86.ActiveCfg = Debug|Any CPU
		{29084B6E-06A8-4FBA-B38F-FC5E1E784A5A}.Release_Ubuntu|Any CPU.ActiveCfg = Release|Any CPU
		{29084B6E-06A8-4FBA-B38F-FC5E1E784A5A}.Release_Ubuntu|Any CPU.Build.0 = Release|Any CPU
		{29084B6E-06A8-4FBA-B38F-FC5E1E784A5A}.Release_Ubuntu|Mixed Platforms.ActiveCfg = Release|Any CPU
		{29084B6E-06A8-4FBA-B38F-FC5E1E784A5A}.Release_Ubuntu|Mixed Platforms.Build.0 = Release|Any CPU
		{29084B6E-06A8-4FBA-B38F-FC5E1E784A5A}.Release_Ubuntu|x86.ActiveCfg = Release|Any CPU
		{29084B6E-06A8-4FBA-B38F-FC5E1E784A5A}.Release|Any CPU.ActiveCfg = Release|Any CPU
		{29084B6E-06A8-4FBA-B38F-FC5E1E784A5A}.Release|Any CPU.Build.0 = Release|Any CPU
		{29084B6E-06A8-4FBA-B38F-FC5E1E784A5A}.Release|Mixed Platforms.ActiveCfg = Release|Any CPU
		{29084B6E-06A8-4FBA-B38F-FC5E1E784A5A}.Release|Mixed Platforms.Build.0 = Release|Any CPU
		{29084B6E-06A8-4FBA-B38F-FC5E1E784A5A}.Release|x86.ActiveCfg = Release|Any CPU
		{F907BA4C-411D-4F54-B7F1-86F98758431D}.Debug_Ubuntu|Any CPU.ActiveCfg = Debug|Any CPU
		{F907BA4C-411D-4F54-B7F1-86F98758431D}.Debug_Ubuntu|Any CPU.Build.0 = Debug|Any CPU
		{F907BA4C-411D-4F54-B7F1-86F98758431D}.Debug_Ubuntu|Mixed Platforms.ActiveCfg = Debug|Any CPU
		{F907BA4C-411D-4F54-B7F1-86F98758431D}.Debug_Ubuntu|Mixed Platforms.Build.0 = Debug|Any CPU
		{F907BA4C-411D-4F54-B7F1-86F98758431D}.Debug_Ubuntu|x86.ActiveCfg = Debug|Any CPU
		{F907BA4C-411D-4F54-B7F1-86F98758431D}.Debug|Any CPU.ActiveCfg = Debug|Any CPU
		{F907BA4C-411D-4F54-B7F1-86F98758431D}.Debug|Any CPU.Build.0 = Debug|Any CPU
		{F907BA4C-411D-4F54-B7F1-86F98758431D}.Debug|Mixed Platforms.ActiveCfg = Debug|Any CPU
		{F907BA4C-411D-4F54-B7F1-86F98758431D}.Debug|Mixed Platforms.Build.0 = Debug|Any CPU
		{F907BA4C-411D-4F54-B7F1-86F98758431D}.Debug|x86.ActiveCfg = Debug|Any CPU
		{F907BA4C-411D-4F54-B7F1-86F98758431D}.Release_Ubuntu|Any CPU.ActiveCfg = Release|Any CPU
		{F907BA4C-411D-4F54-B7F1-86F98758431D}.Release_Ubuntu|Any CPU.Build.0 = Release|Any CPU
		{F907BA4C-411D-4F54-B7F1-86F98758431D}.Release_Ubuntu|Mixed Platforms.ActiveCfg = Release|Any CPU
		{F907BA4C-411D-4F54-B7F1-86F98758431D}.Release_Ubuntu|Mixed Platforms.Build.0 = Release|Any CPU
		{F907BA4C-411D-4F54-B7F1-86F98758431D}.Release_Ubuntu|x86.ActiveCfg = Release|Any CPU
		{F907BA4C-411D-4F54-B7F1-86F98758431D}.Release|Any CPU.ActiveCfg = Release|Any CPU
		{F907BA4C-411D-4F54-B7F1-86F98758431D}.Release|Any CPU.Build.0 = Release|Any CPU
		{F907BA4C-411D-4F54-B7F1-86F98758431D}.Release|Mixed Platforms.ActiveCfg = Release|Any CPU
		{F907BA4C-411D-4F54-B7F1-86F98758431D}.Release|Mixed Platforms.Build.0 = Release|Any CPU
		{F907BA4C-411D-4F54-B7F1-86F98758431D}.Release|x86.ActiveCfg = Release|Any CPU
		{9880A315-191B-4BEA-81D5-528008B692CC}.Debug_Ubuntu|Any CPU.ActiveCfg = Debug|Any CPU
		{9880A315-191B-4BEA-81D5-528008B692CC}.Debug_Ubuntu|Any CPU.Build.0 = Debug|Any CPU
		{9880A315-191B-4BEA-81D5-528008B692CC}.Debug_Ubuntu|Mixed Platforms.ActiveCfg = Debug|Any CPU
		{9880A315-191B-4BEA-81D5-528008B692CC}.Debug_Ubuntu|Mixed Platforms.Build.0 = Debug|Any CPU
		{9880A315-191B-4BEA-81D5-528008B692CC}.Debug_Ubuntu|x86.ActiveCfg = Debug|Any CPU
		{9880A315-191B-4BEA-81D5-528008B692CC}.Debug|Any CPU.ActiveCfg = Debug|Any CPU
		{9880A315-191B-4BEA-81D5-528008B692CC}.Debug|Any CPU.Build.0 = Debug|Any CPU
		{9880A315-191B-4BEA-81D5-528008B692CC}.Debug|Mixed Platforms.ActiveCfg = Debug|Any CPU
		{9880A315-191B-4BEA-81D5-528008B692CC}.Debug|Mixed Platforms.Build.0 = Debug|Any CPU
		{9880A315-191B-4BEA-81D5-528008B692CC}.Debug|x86.ActiveCfg = Debug|Any CPU
		{9880A315-191B-4BEA-81D5-528008B692CC}.Release_Ubuntu|Any CPU.ActiveCfg = Release|Any CPU
		{9880A315-191B-4BEA-81D5-528008B692CC}.Release_Ubuntu|Any CPU.Build.0 = Release|Any CPU
		{9880A315-191B-4BEA-81D5-528008B692CC}.Release_Ubuntu|Mixed Platforms.ActiveCfg = Release|Any CPU
		{9880A315-191B-4BEA-81D5-528008B692CC}.Release_Ubuntu|Mixed Platforms.Build.0 = Release|Any CPU
		{9880A315-191B-4BEA-81D5-528008B692CC}.Release_Ubuntu|x86.ActiveCfg = Release|Any CPU
		{9880A315-191B-4BEA-81D5-528008B692CC}.Release|Any CPU.ActiveCfg = Release|Any CPU
		{9880A315-191B-4BEA-81D5-528008B692CC}.Release|Any CPU.Build.0 = Release|Any CPU
		{9880A315-191B-4BEA-81D5-528008B692CC}.Release|Mixed Platforms.ActiveCfg = Release|Any CPU
		{9880A315-191B-4BEA-81D5-528008B692CC}.Release|Mixed Platforms.Build.0 = Release|Any CPU
		{9880A315-191B-4BEA-81D5-528008B692CC}.Release|x86.ActiveCfg = Release|Any CPU
		{F32BE11C-E255-415E-9364-6A9A4355AA36}.Debug_Ubuntu|Any CPU.ActiveCfg = Debug|Any CPU
		{F32BE11C-E255-415E-9364-6A9A4355AA36}.Debug_Ubuntu|Any CPU.Build.0 = Debug|Any CPU
		{F32BE11C-E255-415E-9364-6A9A4355AA36}.Debug_Ubuntu|Mixed Platforms.ActiveCfg = Debug|Any CPU
		{F32BE11C-E255-415E-9364-6A9A4355AA36}.Debug_Ubuntu|Mixed Platforms.Build.0 = Debug|Any CPU
		{F32BE11C-E255-415E-9364-6A9A4355AA36}.Debug_Ubuntu|x86.ActiveCfg = Debug|Any CPU
		{F32BE11C-E255-415E-9364-6A9A4355AA36}.Debug|Any CPU.ActiveCfg = Debug|Any CPU
		{F32BE11C-E255-415E-9364-6A9A4355AA36}.Debug|Any CPU.Build.0 = Debug|Any CPU
		{F32BE11C-E255-415E-9364-6A9A4355AA36}.Debug|Mixed Platforms.ActiveCfg = Debug|Any CPU
		{F32BE11C-E255-415E-9364-6A9A4355AA36}.Debug|Mixed Platforms.Build.0 = Debug|Any CPU
		{F32BE11C-E255-415E-9364-6A9A4355AA36}.Debug|x86.ActiveCfg = Debug|Any CPU
		{F32BE11C-E255-415E-9364-6A9A4355AA36}.Release_Ubuntu|Any CPU.ActiveCfg = Release|Any CPU
		{F32BE11C-E255-415E-9364-6A9A4355AA36}.Release_Ubuntu|Any CPU.Build.0 = Release|Any CPU
		{F32BE11C-E255-415E-9364-6A9A4355AA36}.Release_Ubuntu|Mixed Platforms.ActiveCfg = Release|Any CPU
		{F32BE11C-E255-415E-9364-6A9A4355AA36}.Release_Ubuntu|Mixed Platforms.Build.0 = Release|Any CPU
		{F32BE11C-E255-415E-9364-6A9A4355AA36}.Release_Ubuntu|x86.ActiveCfg = Release|Any CPU
		{F32BE11C-E255-415E-9364-6A9A4355AA36}.Release|Any CPU.ActiveCfg = Release|Any CPU
		{F32BE11C-E255-415E-9364-6A9A4355AA36}.Release|Any CPU.Build.0 = Release|Any CPU
		{F32BE11C-E255-415E-9364-6A9A4355AA36}.Release|Mixed Platforms.ActiveCfg = Release|Any CPU
		{F32BE11C-E255-415E-9364-6A9A4355AA36}.Release|Mixed Platforms.Build.0 = Release|Any CPU
		{F32BE11C-E255-415E-9364-6A9A4355AA36}.Release|x86.ActiveCfg = Release|Any CPU
		{32308A53-2512-4D77-9A61-D5B4DC1394C6}.Debug_Ubuntu|Any CPU.ActiveCfg = Debug|Any CPU
		{32308A53-2512-4D77-9A61-D5B4DC1394C6}.Debug_Ubuntu|Any CPU.Build.0 = Debug|Any CPU
		{32308A53-2512-4D77-9A61-D5B4DC1394C6}.Debug_Ubuntu|Mixed Platforms.ActiveCfg = Debug|Any CPU
		{32308A53-2512-4D77-9A61-D5B4DC1394C6}.Debug_Ubuntu|Mixed Platforms.Build.0 = Debug|Any CPU
		{32308A53-2512-4D77-9A61-D5B4DC1394C6}.Debug_Ubuntu|x86.ActiveCfg = Debug|Any CPU
		{32308A53-2512-4D77-9A61-D5B4DC1394C6}.Debug|Any CPU.ActiveCfg = Debug|Any CPU
		{32308A53-2512-4D77-9A61-D5B4DC1394C6}.Debug|Any CPU.Build.0 = Debug|Any CPU
		{32308A53-2512-4D77-9A61-D5B4DC1394C6}.Debug|Mixed Platforms.ActiveCfg = Debug|Any CPU
		{32308A53-2512-4D77-9A61-D5B4DC1394C6}.Debug|Mixed Platforms.Build.0 = Debug|Any CPU
		{32308A53-2512-4D77-9A61-D5B4DC1394C6}.Debug|x86.ActiveCfg = Debug|Any CPU
		{32308A53-2512-4D77-9A61-D5B4DC1394C6}.Release_Ubuntu|Any CPU.ActiveCfg = Release|Any CPU
		{32308A53-2512-4D77-9A61-D5B4DC1394C6}.Release_Ubuntu|Any CPU.Build.0 = Release|Any CPU
		{32308A53-2512-4D77-9A61-D5B4DC1394C6}.Release_Ubuntu|Mixed Platforms.ActiveCfg = Release|Any CPU
		{32308A53-2512-4D77-9A61-D5B4DC1394C6}.Release_Ubuntu|Mixed Platforms.Build.0 = Release|Any CPU
		{32308A53-2512-4D77-9A61-D5B4DC1394C6}.Release_Ubuntu|x86.ActiveCfg = Release|Any CPU
		{32308A53-2512-4D77-9A61-D5B4DC1394C6}.Release|Any CPU.ActiveCfg = Release|Any CPU
		{32308A53-2512-4D77-9A61-D5B4DC1394C6}.Release|Any CPU.Build.0 = Release|Any CPU
		{32308A53-2512-4D77-9A61-D5B4DC1394C6}.Release|Mixed Platforms.ActiveCfg = Release|Any CPU
		{32308A53-2512-4D77-9A61-D5B4DC1394C6}.Release|Mixed Platforms.Build.0 = Release|Any CPU
		{32308A53-2512-4D77-9A61-D5B4DC1394C6}.Release|x86.ActiveCfg = Release|Any CPU
		{0E010BBF-EDA4-4A49-8ABD-6CD6CEFCF0A1}.Debug_Ubuntu|Any CPU.ActiveCfg = Debug|Any CPU
		{0E010BBF-EDA4-4A49-8ABD-6CD6CEFCF0A1}.Debug_Ubuntu|Any CPU.Build.0 = Debug|Any CPU
		{0E010BBF-EDA4-4A49-8ABD-6CD6CEFCF0A1}.Debug_Ubuntu|Mixed Platforms.ActiveCfg = Debug|Any CPU
		{0E010BBF-EDA4-4A49-8ABD-6CD6CEFCF0A1}.Debug_Ubuntu|Mixed Platforms.Build.0 = Debug|Any CPU
		{0E010BBF-EDA4-4A49-8ABD-6CD6CEFCF0A1}.Debug_Ubuntu|x86.ActiveCfg = Debug|Any CPU
		{0E010BBF-EDA4-4A49-8ABD-6CD6CEFCF0A1}.Debug|Any CPU.ActiveCfg = Debug|Any CPU
		{0E010BBF-EDA4-4A49-8ABD-6CD6CEFCF0A1}.Debug|Any CPU.Build.0 = Debug|Any CPU
		{0E010BBF-EDA4-4A49-8ABD-6CD6CEFCF0A1}.Debug|Mixed Platforms.ActiveCfg = Debug|Any CPU
		{0E010BBF-EDA4-4A49-8ABD-6CD6CEFCF0A1}.Debug|Mixed Platforms.Build.0 = Debug|Any CPU
		{0E010BBF-EDA4-4A49-8ABD-6CD6CEFCF0A1}.Debug|x86.ActiveCfg = Debug|Any CPU
		{0E010BBF-EDA4-4A49-8ABD-6CD6CEFCF0A1}.Release_Ubuntu|Any CPU.ActiveCfg = Release|Any CPU
		{0E010BBF-EDA4-4A49-8ABD-6CD6CEFCF0A1}.Release_Ubuntu|Any CPU.Build.0 = Release|Any CPU
		{0E010BBF-EDA4-4A49-8ABD-6CD6CEFCF0A1}.Release_Ubuntu|Mixed Platforms.ActiveCfg = Release|Any CPU
		{0E010BBF-EDA4-4A49-8ABD-6CD6CEFCF0A1}.Release_Ubuntu|Mixed Platforms.Build.0 = Release|Any CPU
		{0E010BBF-EDA4-4A49-8ABD-6CD6CEFCF0A1}.Release_Ubuntu|x86.ActiveCfg = Release|Any CPU
		{0E010BBF-EDA4-4A49-8ABD-6CD6CEFCF0A1}.Release|Any CPU.ActiveCfg = Release|Any CPU
		{0E010BBF-EDA4-4A49-8ABD-6CD6CEFCF0A1}.Release|Any CPU.Build.0 = Release|Any CPU
		{0E010BBF-EDA4-4A49-8ABD-6CD6CEFCF0A1}.Release|Mixed Platforms.ActiveCfg = Release|Any CPU
		{0E010BBF-EDA4-4A49-8ABD-6CD6CEFCF0A1}.Release|Mixed Platforms.Build.0 = Release|Any CPU
		{0E010BBF-EDA4-4A49-8ABD-6CD6CEFCF0A1}.Release|x86.ActiveCfg = Release|Any CPU
		{212F3F4B-0256-4E60-9D5E-AB6A48094A18}.Debug_Ubuntu|Any CPU.ActiveCfg = Debug|Any CPU
		{212F3F4B-0256-4E60-9D5E-AB6A48094A18}.Debug_Ubuntu|Any CPU.Build.0 = Debug|Any CPU
		{212F3F4B-0256-4E60-9D5E-AB6A48094A18}.Debug_Ubuntu|Mixed Platforms.ActiveCfg = Debug|Any CPU
		{212F3F4B-0256-4E60-9D5E-AB6A48094A18}.Debug_Ubuntu|Mixed Platforms.Build.0 = Debug|Any CPU
		{212F3F4B-0256-4E60-9D5E-AB6A48094A18}.Debug_Ubuntu|x86.ActiveCfg = Debug|Any CPU
		{212F3F4B-0256-4E60-9D5E-AB6A48094A18}.Debug|Any CPU.ActiveCfg = Debug|Any CPU
		{212F3F4B-0256-4E60-9D5E-AB6A48094A18}.Debug|Any CPU.Build.0 = Debug|Any CPU
		{212F3F4B-0256-4E60-9D5E-AB6A48094A18}.Debug|Mixed Platforms.ActiveCfg = Debug|Any CPU
		{212F3F4B-0256-4E60-9D5E-AB6A48094A18}.Debug|Mixed Platforms.Build.0 = Debug|Any CPU
		{212F3F4B-0256-4E60-9D5E-AB6A48094A18}.Debug|x86.ActiveCfg = Debug|Any CPU
		{212F3F4B-0256-4E60-9D5E-AB6A48094A18}.Release_Ubuntu|Any CPU.ActiveCfg = Release|Any CPU
		{212F3F4B-0256-4E60-9D5E-AB6A48094A18}.Release_Ubuntu|Any CPU.Build.0 = Release|Any CPU
		{212F3F4B-0256-4E60-9D5E-AB6A48094A18}.Release_Ubuntu|Mixed Platforms.ActiveCfg = Release|Any CPU
		{212F3F4B-0256-4E60-9D5E-AB6A48094A18}.Release_Ubuntu|Mixed Platforms.Build.0 = Release|Any CPU
		{212F3F4B-0256-4E60-9D5E-AB6A48094A18}.Release_Ubuntu|x86.ActiveCfg = Release|Any CPU
		{212F3F4B-0256-4E60-9D5E-AB6A48094A18}.Release|Any CPU.ActiveCfg = Release|Any CPU
		{212F3F4B-0256-4E60-9D5E-AB6A48094A18}.Release|Any CPU.Build.0 = Release|Any CPU
		{212F3F4B-0256-4E60-9D5E-AB6A48094A18}.Release|Mixed Platforms.ActiveCfg = Release|Any CPU
		{212F3F4B-0256-4E60-9D5E-AB6A48094A18}.Release|Mixed Platforms.Build.0 = Release|Any CPU
		{212F3F4B-0256-4E60-9D5E-AB6A48094A18}.Release|x86.ActiveCfg = Release|Any CPU
		{B357BAC7-529E-4D81-A0D2-71041B19C8DE}.Debug_Ubuntu|Any CPU.ActiveCfg = Debug_Ubuntu|Any CPU
		{B357BAC7-529E-4D81-A0D2-71041B19C8DE}.Debug_Ubuntu|Any CPU.Build.0 = Debug_Ubuntu|Any CPU
		{B357BAC7-529E-4D81-A0D2-71041B19C8DE}.Debug_Ubuntu|Mixed Platforms.ActiveCfg = Debug_Ubuntu|Any CPU
		{B357BAC7-529E-4D81-A0D2-71041B19C8DE}.Debug_Ubuntu|Mixed Platforms.Build.0 = Debug_Ubuntu|Any CPU
		{B357BAC7-529E-4D81-A0D2-71041B19C8DE}.Debug_Ubuntu|x86.ActiveCfg = Debug_Ubuntu|Any CPU
		{B357BAC7-529E-4D81-A0D2-71041B19C8DE}.Debug|Any CPU.ActiveCfg = Debug|Any CPU
		{B357BAC7-529E-4D81-A0D2-71041B19C8DE}.Debug|Any CPU.Build.0 = Debug|Any CPU
		{B357BAC7-529E-4D81-A0D2-71041B19C8DE}.Debug|Mixed Platforms.ActiveCfg = Debug|Any CPU
		{B357BAC7-529E-4D81-A0D2-71041B19C8DE}.Debug|Mixed Platforms.Build.0 = Debug|Any CPU
		{B357BAC7-529E-4D81-A0D2-71041B19C8DE}.Debug|x86.ActiveCfg = Debug|Any CPU
		{B357BAC7-529E-4D81-A0D2-71041B19C8DE}.Release_Ubuntu|Any CPU.ActiveCfg = Release_Ubuntu|Any CPU
		{B357BAC7-529E-4D81-A0D2-71041B19C8DE}.Release_Ubuntu|Any CPU.Build.0 = Release_Ubuntu|Any CPU
		{B357BAC7-529E-4D81-A0D2-71041B19C8DE}.Release_Ubuntu|Mixed Platforms.ActiveCfg = Release_Ubuntu|Any CPU
		{B357BAC7-529E-4D81-A0D2-71041B19C8DE}.Release_Ubuntu|Mixed Platforms.Build.0 = Release_Ubuntu|Any CPU
		{B357BAC7-529E-4D81-A0D2-71041B19C8DE}.Release_Ubuntu|x86.ActiveCfg = Release_Ubuntu|Any CPU
		{B357BAC7-529E-4D81-A0D2-71041B19C8DE}.Release|Any CPU.ActiveCfg = Release|Any CPU
		{B357BAC7-529E-4D81-A0D2-71041B19C8DE}.Release|Any CPU.Build.0 = Release|Any CPU
		{B357BAC7-529E-4D81-A0D2-71041B19C8DE}.Release|Mixed Platforms.ActiveCfg = Release|Any CPU
		{B357BAC7-529E-4D81-A0D2-71041B19C8DE}.Release|Mixed Platforms.Build.0 = Release|Any CPU
		{B357BAC7-529E-4D81-A0D2-71041B19C8DE}.Release|x86.ActiveCfg = Release|Any CPU
		{99D50610-771C-4640-AE11-DD9378FE2745}.Debug_Ubuntu|Any CPU.ActiveCfg = Debug|Any CPU
		{99D50610-771C-4640-AE11-DD9378FE2745}.Debug_Ubuntu|Any CPU.Build.0 = Debug|Any CPU
		{99D50610-771C-4640-AE11-DD9378FE2745}.Debug_Ubuntu|Mixed Platforms.ActiveCfg = Debug|Any CPU
		{99D50610-771C-4640-AE11-DD9378FE2745}.Debug_Ubuntu|Mixed Platforms.Build.0 = Debug|Any CPU
		{99D50610-771C-4640-AE11-DD9378FE2745}.Debug_Ubuntu|x86.ActiveCfg = Debug|Any CPU
		{99D50610-771C-4640-AE11-DD9378FE2745}.Debug|Any CPU.ActiveCfg = Debug|Any CPU
		{99D50610-771C-4640-AE11-DD9378FE2745}.Debug|Any CPU.Build.0 = Debug|Any CPU
		{99D50610-771C-4640-AE11-DD9378FE2745}.Debug|Mixed Platforms.ActiveCfg = Debug|Any CPU
		{99D50610-771C-4640-AE11-DD9378FE2745}.Debug|Mixed Platforms.Build.0 = Debug|Any CPU
		{99D50610-771C-4640-AE11-DD9378FE2745}.Debug|x86.ActiveCfg = Debug|Any CPU
		{99D50610-771C-4640-AE11-DD9378FE2745}.Release_Ubuntu|Any CPU.ActiveCfg = Release|Any CPU
		{99D50610-771C-4640-AE11-DD9378FE2745}.Release_Ubuntu|Any CPU.Build.0 = Release|Any CPU
		{99D50610-771C-4640-AE11-DD9378FE2745}.Release_Ubuntu|Mixed Platforms.ActiveCfg = Release|Any CPU
		{99D50610-771C-4640-AE11-DD9378FE2745}.Release_Ubuntu|Mixed Platforms.Build.0 = Release|Any CPU
		{99D50610-771C-4640-AE11-DD9378FE2745}.Release_Ubuntu|x86.ActiveCfg = Release|Any CPU
		{99D50610-771C-4640-AE11-DD9378FE2745}.Release|Any CPU.ActiveCfg = Release|Any CPU
		{99D50610-771C-4640-AE11-DD9378FE2745}.Release|Any CPU.Build.0 = Release|Any CPU
		{99D50610-771C-4640-AE11-DD9378FE2745}.Release|Mixed Platforms.ActiveCfg = Release|Any CPU
		{99D50610-771C-4640-AE11-DD9378FE2745}.Release|Mixed Platforms.Build.0 = Release|Any CPU
		{99D50610-771C-4640-AE11-DD9378FE2745}.Release|x86.ActiveCfg = Release|Any CPU
	EndGlobalSection
	GlobalSection(SolutionProperties) = preSolution
		HideSolutionNode = FALSE
	EndGlobalSection
	GlobalSection(NestedProjects) = preSolution
		{29084B6E-06A8-4FBA-B38F-FC5E1E784A5A} = {B7CD2E5D-DBB0-4B88-90A1-6569891E2DC4}
		{F907BA4C-411D-4F54-B7F1-86F98758431D} = {B7CD2E5D-DBB0-4B88-90A1-6569891E2DC4}
		{9880A315-191B-4BEA-81D5-528008B692CC} = {B7CD2E5D-DBB0-4B88-90A1-6569891E2DC4}
		{F32BE11C-E255-415E-9364-6A9A4355AA36} = {B7CD2E5D-DBB0-4B88-90A1-6569891E2DC4}
		{32308A53-2512-4D77-9A61-D5B4DC1394C6} = {B7CD2E5D-DBB0-4B88-90A1-6569891E2DC4}
		{0E010BBF-EDA4-4A49-8ABD-6CD6CEFCF0A1} = {B7CD2E5D-DBB0-4B88-90A1-6569891E2DC4}
		{212F3F4B-0256-4E60-9D5E-AB6A48094A18} = {B7CD2E5D-DBB0-4B88-90A1-6569891E2DC4}
		{B357BAC7-529E-4D81-A0D2-71041B19C8DE} = {B7CD2E5D-DBB0-4B88-90A1-6569891E2DC4}
		{99D50610-771C-4640-AE11-DD9378FE2745} = {B7CD2E5D-DBB0-4B88-90A1-6569891E2DC4}
	EndGlobalSection
EndGlobal
